{
  "name": "gamepad",
  "version": "1.0.0",
  "lockfileVersion": 1,
  "requires": true,
  "dependencies": {
    "argument-exception": {
      "version": "file:../argument-exception"
    },
    "light-emitter": {
      "version": "file:../light-emitter"
    },
    "logical-error": {
      "version": "file:../logical-error"
    }
  }
}
